
Microsoft Visual Studio Solution File, Format Version 11.00
# Visual Studio 2010
Project("{FAE04EC0-301F-11D3-BF4B-00C04F79EFBC}") = "VersionBumper", "VersionBumper\VersionBumper.csproj", "{8F687B24-26AF-43F0-B5F7-AA71162D5936}"
EndProject
Project("{FAE04EC0-301F-11D3-BF4B-00C04F79EFBC}") = "VersionBumperTest", "VersionBumperTest\VersionBumperTest.csproj", "{CEC9F6BD-6316-498E-A498-C7C6E34A89FD}"
EndProject
Global
	GlobalSection(SubversionScc) = preSolution
		Svn-Managed = True
		Manager = AnkhSVN - Subversion Support for Visual Studio
	EndGlobalSection
	GlobalSection(SolutionConfigurationPlatforms) = preSolution
		Debug|x86 = Debug|x86
		Release|x86 = Release|x86
	EndGlobalSection
	GlobalSection(ProjectConfigurationPlatforms) = postSolution
		{8F687B24-26AF-43F0-B5F7-AA71162D5936}.Debug|x86.ActiveCfg = Debug|x86
		{8F687B24-26AF-43F0-B5F7-AA71162D5936}.Debug|x86.Build.0 = Debug|x86
		{8F687B24-26AF-43F0-B5F7-AA71162D5936}.Release|x86.ActiveCfg = Release|x86
		{8F687B24-26AF-43F0-B5F7-AA71162D5936}.Release|x86.Build.0 = Release|x86
		{CEC9F6BD-6316-498E-A498-C7C6E34A89FD}.Debug|x86.ActiveCfg = Debug|x86
		{CEC9F6BD-6316-498E-A498-C7C6E34A89FD}.Debug|x86.Build.0 = Debug|x86
		{CEC9F6BD-6316-498E-A498-C7C6E34A89FD}.Release|x86.ActiveCfg = Release|x86
		{CEC9F6BD-6316-498E-A498-C7C6E34A89FD}.Release|x86.Build.0 = Release|x86
	EndGlobalSection
	GlobalSection(SolutionProperties) = preSolution
		HideSolutionNode = FALSE
	EndGlobalSection
EndGlobal
